{
  "name": "ticker",
  "version": "1.0.0",
  "lockfileVersion": 2,
  "requires": true,
  "packages": {
    "": {
      "name": "ticker",
      "version": "1.0.0",
      "license": "ISC",
      "dependencies": {
        "wait": "^0.4.2"
      }
    },
    "node_modules/wait": {
      "version": "0.4.2",
      "resolved": "https://registry.npmjs.org/wait/-/wait-0.4.2.tgz",
      "integrity": "sha512-g4Uu25y9MJ3jtBcrRDDXeI/f7lBNtVmNUM3Xd78S19tm1gZutDkL/f6UEcMi/NqWvKZ74Mhrb+4LwpYbjG6XYA==",
      "bin": {
        "wait": "cli.js"
      }
    }
  },
  "dependencies": {
    "wait": {
      "version": "0.4.2",
      "resolved": "https://registry.npmjs.org/wait/-/wait-0.4.2.tgz",
      "integrity": "sha512-g4Uu25y9MJ3jtBcrRDDXeI/f7lBNtVmNUM3Xd78S19tm1gZutDkL/f6UEcMi/NqWvKZ74Mhrb+4LwpYbjG6XYA=="
    }
  }
}
